// !$*UTF8*$!
{
	archiveVersion = 1;
	classes = {
	};
	objectVersion = 55;
	objects = {

/* Begin PBXBuildFile section */
		7DA870CF37F0BA4DB6047C2E /* Pods_weather16_app.framework in Frameworks */ = {isa = PBXBuildFile; fileRef = 710F5915BAFCD7546ABDC026 /* Pods_weather16_app.framework */; };
		CE4332102745A909000BBC30 /* addCity.swift in Sources */ = {isa = PBXBuildFile; fileRef = CE43320F2745A909000BBC30 /* addCity.swift */; };
		CE43321327497411000BBC30 /* ForecastVController.swift in Sources */ = {isa = PBXBuildFile; fileRef = CE43321227497411000BBC30 /* ForecastVController.swift */; };
		CE43321B27497E0B000BBC30 /* WeatherTableViewCell.swift in Sources */ = {isa = PBXBuildFile; fileRef = CE43321927497E0B000BBC30 /* WeatherTableViewCell.swift */; };
		CE43321C27497E0B000BBC30 /* WeatherTableViewCell.xib in Resources */ = {isa = PBXBuildFile; fileRef = CE43321A27497E0B000BBC30 /* WeatherTableViewCell.xib */; };
		CE43321F27497F1C000BBC30 /* HourlyTableViewCell.swift in Sources */ = {isa = PBXBuildFile; fileRef = CE43321D27497F1C000BBC30 /* HourlyTableViewCell.swift */; };
		CE43322027497F1C000BBC30 /* HourlyTableViewCell.xib in Resources */ = {isa = PBXBuildFile; fileRef = CE43321E27497F1C000BBC30 /* HourlyTableViewCell.xib */; };
		CE433229274B0556000BBC30 /* WeatherCollectionViewCell.swift in Sources */ = {isa = PBXBuildFile; fileRef = CE433227274B0556000BBC30 /* WeatherCollectionViewCell.swift */; };
		CE43322A274B0556000BBC30 /* WeatherCollectionViewCell.xib in Resources */ = {isa = PBXBuildFile; fileRef = CE433228274B0556000BBC30 /* WeatherCollectionViewCell.xib */; };
		CE5BDF99273B430300170554 /* NetworkWeatherManeger.swift in Sources */ = {isa = PBXBuildFile; fileRef = CE5BDF98273B430300170554 /* NetworkWeatherManeger.swift */; };
		CE5BDF9D273B4B6C00170554 /* WeatherData.swift in Sources */ = {isa = PBXBuildFile; fileRef = CE5BDF9C273B4B6C00170554 /* WeatherData.swift */; };
		CE5BDF9F273C024B00170554 /* Weather.swift in Sources */ = {isa = PBXBuildFile; fileRef = CE5BDF9E273C024B00170554 /* Weather.swift */; };
		CE5BDFA1273C42EA00170554 /* GetCityWeather.swift in Sources */ = {isa = PBXBuildFile; fileRef = CE5BDFA0273C42EA00170554 /* GetCityWeather.swift */; };
		CE5BDFA527414A0900170554 /* ListCell.swift in Sources */ = {isa = PBXBuildFile; fileRef = CE5BDFA427414A0900170554 /* ListCell.swift */; };
		CE5BDFA72743184200170554 /* DetailVC.swift in Sources */ = {isa = PBXBuildFile; fileRef = CE5BDFA62743184200170554 /* DetailVC.swift */; };
		CEBA438B27370F7B00F80004 /* AppDelegate.swift in Sources */ = {isa = PBXBuildFile; fileRef = CEBA438A27370F7B00F80004 /* AppDelegate.swift */; };
		CEBA438D27370F7B00F80004 /* SceneDelegate.swift in Sources */ = {isa = PBXBuildFile; fileRef = CEBA438C27370F7B00F80004 /* SceneDelegate.swift */; };
		CEBA439227370F7B00F80004 /* Main.storyboard in Resources */ = {isa = PBXBuildFile; fileRef = CEBA439027370F7B00F80004 /* Main.storyboard */; };
		CEBA439527370F7B00F80004 /* weather16_app.xcdatamodeld in Sources */ = {isa = PBXBuildFile; fileRef = CEBA439327370F7B00F80004 /* weather16_app.xcdatamodeld */; };
		CEBA439727370F7F00F80004 /* Assets.xcassets in Resources */ = {isa = PBXBuildFile; fileRef = CEBA439627370F7F00F80004 /* Assets.xcassets */; };
		CEBA439A27370F7F00F80004 /* LaunchScreen.storyboard in Resources */ = {isa = PBXBuildFile; fileRef = CEBA439827370F7F00F80004 /* LaunchScreen.storyboard */; };
		CEBA43A2273AFD7600F80004 /* ListTVController.swift in Sources */ = {isa = PBXBuildFile; fileRef = CEBA43A1273AFD7500F80004 /* ListTVController.swift */; };
/* End PBXBuildFile section */

/* Begin PBXFileReference section */
		02D19737B1B0AE895B0F48B6 /* Pods-weather16_app.release.xcconfig */ = {isa = PBXFileReference; includeInIndex = 1; lastKnownFileType = text.xcconfig; name = "Pods-weather16_app.release.xcconfig"; path = "Target Support Files/Pods-weather16_app/Pods-weather16_app.release.xcconfig"; sourceTree = "<group>"; };
		32ABF192E900FA5364293C45 /* Pods-weather16_app.debug.xcconfig */ = {isa = PBXFileReference; includeInIndex = 1; lastKnownFileType = text.xcconfig; name = "Pods-weather16_app.debug.xcconfig"; path = "Target Support Files/Pods-weather16_app/Pods-weather16_app.debug.xcconfig"; sourceTree = "<group>"; };
		710F5915BAFCD7546ABDC026 /* Pods_weather16_app.framework */ = {isa = PBXFileReference; explicitFileType = wrapper.framework; includeInIndex = 0; path = Pods_weather16_app.framework; sourceTree = BUILT_PRODUCTS_DIR; };
		CE43320F2745A909000BBC30 /* addCity.swift */ = {isa = PBXFileReference; lastKnownFileType = sourcecode.swift; path = addCity.swift; sourceTree = "<group>"; };
		CE43321227497411000BBC30 /* ForecastVController.swift */ = {isa = PBXFileReference; lastKnownFileType = sourcecode.swift; path = ForecastVController.swift; sourceTree = "<group>"; };
		CE43321927497E0B000BBC30 /* WeatherTableViewCell.swift */ = {isa = PBXFileReference; lastKnownFileType = sourcecode.swift; path = WeatherTableViewCell.swift; sourceTree = "<group>"; };
		CE43321A27497E0B000BBC30 /* WeatherTableViewCell.xib */ = {isa = PBXFileReference; lastKnownFileType = file.xib; path = WeatherTableViewCell.xib; sourceTree = "<group>"; };
		CE43321D27497F1C000BBC30 /* HourlyTableViewCell.swift */ = {isa = PBXFileReference; lastKnownFileType = sourcecode.swift; path = HourlyTableViewCell.swift; sourceTree = "<group>"; };
		CE43321E27497F1C000BBC30 /* HourlyTableViewCell.xib */ = {isa = PBXFileReference; lastKnownFileType = file.xib; path = HourlyTableViewCell.xib; sourceTree = "<group>"; };
		CE433227274B0556000BBC30 /* WeatherCollectionViewCell.swift */ = {isa = PBXFileReference; lastKnownFileType = sourcecode.swift; path = WeatherCollectionViewCell.swift; sourceTree = "<group>"; };
		CE433228274B0556000BBC30 /* WeatherCollectionViewCell.xib */ = {isa = PBXFileReference; lastKnownFileType = file.xib; path = WeatherCollectionViewCell.xib; sourceTree = "<group>"; };
		CE5BDF98273B430300170554 /* NetworkWeatherManeger.swift */ = {isa = PBXFileReference; lastKnownFileType = sourcecode.swift; path = NetworkWeatherManeger.swift; sourceTree = "<group>"; };
		CE5BDF9C273B4B6C00170554 /* WeatherData.swift */ = {isa = PBXFileReference; lastKnownFileType = sourcecode.swift; path = WeatherData.swift; sourceTree = "<group>"; };
		CE5BDF9E273C024B00170554 /* Weather.swift */ = {isa = PBXFileReference; lastKnownFileType = sourcecode.swift; path = Weather.swift; sourceTree = "<group>"; };
		CE5BDFA0273C42EA00170554 /* GetCityWeather.swift */ = {isa = PBXFileReference; lastKnownFileType = sourcecode.swift; path = GetCityWeather.swift; sourceTree = "<group>"; };
		CE5BDFA427414A0900170554 /* ListCell.swift */ = {isa = PBXFileReference; lastKnownFileType = sourcecode.swift; path = ListCell.swift; sourceTree = "<group>"; };
		CE5BDFA62743184200170554 /* DetailVC.swift */ = {isa = PBXFileReference; lastKnownFileType = sourcecode.swift; path = DetailVC.swift; sourceTree = "<group>"; };
		CEBA438727370F7B00F80004 /* weather16_app.app */ = {isa = PBXFileReference; explicitFileType = wrapper.application; includeInIndex = 0; path = weather16_app.app; sourceTree = BUILT_PRODUCTS_DIR; };
		CEBA438A27370F7B00F80004 /* AppDelegate.swift */ = {isa = PBXFileReference; lastKnownFileType = sourcecode.swift; path = AppDelegate.swift; sourceTree = "<group>"; };
		CEBA438C27370F7B00F80004 /* SceneDelegate.swift */ = {isa = PBXFileReference; lastKnownFileType = sourcecode.swift; path = SceneDelegate.swift; sourceTree = "<group>"; };
		CEBA439127370F7B00F80004 /* Base */ = {isa = PBXFileReference; lastKnownFileType = file.storyboard; name = Base; path = Base.lproj/Main.storyboard; sourceTree = "<group>"; };
		CEBA439427370F7B00F80004 /* weather16_app.xcdatamodel */ = {isa = PBXFileReference; lastKnownFileType = wrapper.xcdatamodel; path = weather16_app.xcdatamodel; sourceTree = "<group>"; };
		CEBA439627370F7F00F80004 /* Assets.xcassets */ = {isa = PBXFileReference; lastKnownFileType = folder.assetcatalog; path = Assets.xcassets; sourceTree = "<group>"; };
		CEBA439927370F7F00F80004 /* Base */ = {isa = PBXFileReference; lastKnownFileType = file.storyboard; name = Base; path = Base.lproj/LaunchScreen.storyboard; sourceTree = "<group>"; };
		CEBA439B27370F7F00F80004 /* Info.plist */ = {isa = PBXFileReference; lastKnownFileType = text.plist.xml; path = Info.plist; sourceTree = "<group>"; };
		CEBA43A1273AFD7500F80004 /* ListTVController.swift */ = {isa = PBXFileReference; lastKnownFileType = sourcecode.swift; path = ListTVController.swift; sourceTree = "<group>"; };
/* End PBXFileReference section */

/* Begin PBXFrameworksBuildPhase section */
		CEBA438427370F7B00F80004 /* Frameworks */ = {
			isa = PBXFrameworksBuildPhase;
			buildActionMask = 2147483647;
			files = (
				7DA870CF37F0BA4DB6047C2E /* Pods_weather16_app.framework in Frameworks */,
			);
			runOnlyForDeploymentPostprocessing = 0;
		};
/* End PBXFrameworksBuildPhase section */

/* Begin PBXGroup section */
		5A35B0EEA67AA39BEB9AA043 /* Frameworks */ = {
			isa = PBXGroup;
			children = (
				710F5915BAFCD7546ABDC026 /* Pods_weather16_app.framework */,
			);
			name = Frameworks;
			sourceTree = "<group>";
		};
		BEE40D5DCBAC905CDC9E9944 /* Pods */ = {
			isa = PBXGroup;
			children = (
				32ABF192E900FA5364293C45 /* Pods-weather16_app.debug.xcconfig */,
				02D19737B1B0AE895B0F48B6 /* Pods-weather16_app.release.xcconfig */,
			);
			path = Pods;
			sourceTree = "<group>";
		};
		CE4332112749738B000BBC30 /* additional */ = {
			isa = PBXGroup;
			children = (
				CE5BDFA0273C42EA00170554 /* GetCityWeather.swift */,
				CE43320F2745A909000BBC30 /* addCity.swift */,
			);
			path = additional;
			sourceTree = "<group>";
		};
		CE43321427497D0E000BBC30 /* Cell */ = {
			isa = PBXGroup;
			children = (
				CE433226274B0514000BBC30 /* Collection */,
				CE43321627497D98000BBC30 /* HourlyCollectionCell */,
				CE43321527497D81000BBC30 /* WeatherCell */,
				CE5BDFA427414A0900170554 /* ListCell.swift */,
			);
			path = Cell;
			sourceTree = "<group>";
		};
		CE43321527497D81000BBC30 /* WeatherCell */ = {
			isa = PBXGroup;
			children = (
				CE43321927497E0B000BBC30 /* WeatherTableViewCell.swift */,
				CE43321A27497E0B000BBC30 /* WeatherTableViewCell.xib */,
			);
			path = WeatherCell;
			sourceTree = "<group>";
		};
		CE43321627497D98000BBC30 /* HourlyCollectionCell */ = {
			isa = PBXGroup;
			children = (
				CE43321D27497F1C000BBC30 /* HourlyTableViewCell.swift */,
				CE43321E27497F1C000BBC30 /* HourlyTableViewCell.xib */,
			);
			path = HourlyCollectionCell;
			sourceTree = "<group>";
		};
		CE433226274B0514000BBC30 /* Collection */ = {
			isa = PBXGroup;
			children = (
				CE433227274B0556000BBC30 /* WeatherCollectionViewCell.swift */,
				CE433228274B0556000BBC30 /* WeatherCollectionViewCell.xib */,
			);
			path = Collection;
			sourceTree = "<group>";
		};
		CE5BDF9A273B442500170554 /* Model */ = {
			isa = PBXGroup;
			children = (
				CE5BDF98273B430300170554 /* NetworkWeatherManeger.swift */,
				CE5BDF9C273B4B6C00170554 /* WeatherData.swift */,
				CE5BDF9E273C024B00170554 /* Weather.swift */,
			);
			path = Model;
			sourceTree = "<group>";
		};
		CE5BDF9B273B443100170554 /* View */ = {
			isa = PBXGroup;
			children = (
				CEBA43A1273AFD7500F80004 /* ListTVController.swift */,
				CE43321227497411000BBC30 /* ForecastVController.swift */,
				CE5BDFA62743184200170554 /* DetailVC.swift */,
			);
			path = View;
			sourceTree = "<group>";
		};
		CEBA437E27370F7B00F80004 = {
			isa = PBXGroup;
			children = (
				CEBA438927370F7B00F80004 /* weather16_app */,
				CEBA438827370F7B00F80004 /* Products */,
				BEE40D5DCBAC905CDC9E9944 /* Pods */,
				5A35B0EEA67AA39BEB9AA043 /* Frameworks */,
			);
			sourceTree = "<group>";
		};
		CEBA438827370F7B00F80004 /* Products */ = {
			isa = PBXGroup;
			children = (
				CEBA438727370F7B00F80004 /* weather16_app.app */,
			);
			name = Products;
			sourceTree = "<group>";
		};
		CEBA438927370F7B00F80004 /* weather16_app */ = {
			isa = PBXGroup;
			children = (
				CEBA438A27370F7B00F80004 /* AppDelegate.swift */,
				CEBA438C27370F7B00F80004 /* SceneDelegate.swift */,
				CE5BDF9A273B442500170554 /* Model */,
				CE4332112749738B000BBC30 /* additional */,
				CE5BDF9B273B443100170554 /* View */,
				CE43321427497D0E000BBC30 /* Cell */,
				CEBA439027370F7B00F80004 /* Main.storyboard */,
				CEBA439827370F7F00F80004 /* LaunchScreen.storyboard */,
				CEBA439627370F7F00F80004 /* Assets.xcassets */,
				CEBA439B27370F7F00F80004 /* Info.plist */,
				CEBA439327370F7B00F80004 /* weather16_app.xcdatamodeld */,
			);
			path = weather16_app;
			sourceTree = "<group>";
		};
/* End PBXGroup section */

/* Begin PBXNativeTarget section */
		CEBA438627370F7B00F80004 /* weather16_app */ = {
			isa = PBXNativeTarget;
			buildConfigurationList = CEBA439E27370F7F00F80004 /* Build configuration list for PBXNativeTarget "weather16_app" */;
			buildPhases = (
				412C14E9A9DCF66C2E3AEB32 /* [CP] Check Pods Manifest.lock */,
				CEBA438327370F7B00F80004 /* Sources */,
				CEBA438427370F7B00F80004 /* Frameworks */,
				CEBA438527370F7B00F80004 /* Resources */,
				369785941A03394A2B0CA4BA /* [CP] Embed Pods Frameworks */,
			);
			buildRules = (
			);
			dependencies = (
			);
			name = weather16_app;
			productName = weather16_app;
			productReference = CEBA438727370F7B00F80004 /* weather16_app.app */;
			productType = "com.apple.product-type.application";
		};
/* End PBXNativeTarget section */

/* Begin PBXProject section */
		CEBA437F27370F7B00F80004 /* Project object */ = {
			isa = PBXProject;
			attributes = {
				BuildIndependentTargetsInParallel = 1;
				LastSwiftUpdateCheck = 1300;
				LastUpgradeCheck = 1300;
				TargetAttributes = {
					CEBA438627370F7B00F80004 = {
						CreatedOnToolsVersion = 13.0;
					};
				};
			};
			buildConfigurationList = CEBA438227370F7B00F80004 /* Build configuration list for PBXProject "weather16_app" */;
			compatibilityVersion = "Xcode 13.0";
			developmentRegion = en;
			hasScannedForEncodings = 0;
			knownRegions = (
				en,
				Base,
			);
			mainGroup = CEBA437E27370F7B00F80004;
			productRefGroup = CEBA438827370F7B00F80004 /* Products */;
			projectDirPath = "";
			projectRoot = "";
			targets = (
				CEBA438627370F7B00F80004 /* weather16_app */,
			);
		};
/* End PBXProject section */

/* Begin PBXResourcesBuildPhase section */
		CEBA438527370F7B00F80004 /* Resources */ = {
			isa = PBXResourcesBuildPhase;
			buildActionMask = 2147483647;
			files = (
				CE43321C27497E0B000BBC30 /* WeatherTableViewCell.xib in Resources */,
				CE43322027497F1C000BBC30 /* HourlyTableViewCell.xib in Resources */,
				CEBA439A27370F7F00F80004 /* LaunchScreen.storyboard in Resources */,
				CEBA439727370F7F00F80004 /* Assets.xcassets in Resources */,
				CEBA439227370F7B00F80004 /* Main.storyboard in Resources */,
				CE43322A274B0556000BBC30 /* WeatherCollectionViewCell.xib in Resources */,
			);
			runOnlyForDeploymentPostprocessing = 0;
		};
/* End PBXResourcesBuildPhase section */

/* Begin PBXShellScriptBuildPhase section */
		369785941A03394A2B0CA4BA /* [CP] Embed Pods Frameworks */ = {
			isa = PBXShellScriptBuildPhase;
			buildActionMask = 2147483647;
			files = (
			);
			inputFileListPaths = (
				"${PODS_ROOT}/Target Support Files/Pods-weather16_app/Pods-weather16_app-frameworks-${CONFIGURATION}-input-files.xcfilelist",
			);
			name = "[CP] Embed Pods Frameworks";
			outputFileListPaths = (
				"${PODS_ROOT}/Target Support Files/Pods-weather16_app/Pods-weather16_app-frameworks-${CONFIGURATION}-output-files.xcfilelist",
			);
			runOnlyForDeploymentPostprocessing = 0;
			shellPath = /bin/sh;
			shellScript = "\"${PODS_ROOT}/Target Support Files/Pods-weather16_app/Pods-weather16_app-frameworks.sh\"\n";
			showEnvVarsInLog = 0;
		};
		412C14E9A9DCF66C2E3AEB32 /* [CP] Check Pods Manifest.lock */ = {
			isa = PBXShellScriptBuildPhase;
			buildActionMask = 2147483647;
			files = (
			);
			inputFileListPaths = (
			);
			inputPaths = (
				"${PODS_PODFILE_DIR_PATH}/Podfile.lock",
				"${PODS_ROOT}/Manifest.lock",
			);
			name = "[CP] Check Pods Manifest.lock";
			outputFileListPaths = (
			);
			outputPaths = (
				"$(DERIVED_FILE_DIR)/Pods-weather16_app-checkManifestLockResult.txt",
			);
			runOnlyForDeploymentPostprocessing = 0;
			shellPath = /bin/sh;
			shellScript = "diff \"${PODS_PODFILE_DIR_PATH}/Podfile.lock\" \"${PODS_ROOT}/Manifest.lock\" > /dev/null\nif [ $? != 0 ] ; then\n    # print error to STDERR\n    echo \"error: The sandbox is not in sync with the Podfile.lock. Run 'pod install' or update your CocoaPods installation.\" >&2\n    exit 1\nfi\n# This output is used by Xcode 'outputs' to avoid re-running this script phase.\necho \"SUCCESS\" > \"${SCRIPT_OUTPUT_FILE_0}\"\n";
			showEnvVarsInLog = 0;
		};
/* End PBXShellScriptBuildPhase section */

/* Begin PBXSourcesBuildPhase section */
		CEBA438327370F7B00F80004 /* Sources */ = {
			isa = PBXSourcesBuildPhase;
			buildActionMask = 2147483647;
			files = (
				CE433229274B0556000BBC30 /* WeatherCollectionViewCell.swift in Sources */,
				CE5BDFA1273C42EA00170554 /* GetCityWeather.swift in Sources */,
				CE43321327497411000BBC30 /* ForecastVController.swift in Sources */,
				CE4332102745A909000BBC30 /* addCity.swift in Sources */,
				CE5BDF99273B430300170554 /* NetworkWeatherManeger.swift in Sources */,
				CEBA439527370F7B00F80004 /* weather16_app.xcdatamodeld in Sources */,
				CEBA438B27370F7B00F80004 /* AppDelegate.swift in Sources */,
				CEBA438D27370F7B00F80004 /* SceneDelegate.swift in Sources */,
				CE5BDFA72743184200170554 /* DetailVC.swift in Sources */,
				CE5BDF9D273B4B6C00170554 /* WeatherData.swift in Sources */,
				CE5BDFA527414A0900170554 /* ListCell.swift in Sources */,
				CEBA43A2273AFD7600F80004 /* ListTVController.swift in Sources */,
				CE43321B27497E0B000BBC30 /* WeatherTableViewCell.swift in Sources */,
				CE43321F27497F1C000BBC30 /* HourlyTableViewCell.swift in Sources */,
				CE5BDF9F273C024B00170554 /* Weather.swift in Sources */,
			);
			runOnlyForDeploymentPostprocessing = 0;
		};
/* End PBXSourcesBuildPhase section */

/* Begin PBXVariantGroup section */
		CEBA439027370F7B00F80004 /* Main.storyboard */ = {
			isa = PBXVariantGroup;
			children = (
				CEBA439127370F7B00F80004 /* Base */,
			);
			name = Main.storyboard;
			sourceTree = "<group>";
		};
		CEBA439827370F7F00F80004 /* LaunchScreen.storyboard */ = {
			isa = PBXVariantGroup;
			children = (
				CEBA439927370F7F00F80004 /* Base */,
			);
			name = LaunchScreen.storyboard;
			sourceTree = "<group>";
		};
/* End PBXVariantGroup section */

/* Begin XCBuildConfiguration section */
		CEBA439C27370F7F00F80004 /* Debug */ = {
			isa = XCBuildConfiguration;
			buildSettings = {
				ALWAYS_SEARCH_USER_PATHS = NO;
				CLANG_ANALYZER_NONNULL = YES;
				CLANG_ANALYZER_NUMBER_OBJECT_CONVERSION = YES_AGGRESSIVE;
				CLANG_CXX_LANGUAGE_STANDARD = "gnu++17";
				CLANG_CXX_LIBRARY = "libc++";
				CLANG_ENABLE_MODULES = YES;
				CLANG_ENABLE_OBJC_ARC = YES;
				CLANG_ENABLE_OBJC_WEAK = YES;
				CLANG_WARN_BLOCK_CAPTURE_AUTORELEASING = YES;
				CLANG_WARN_BOOL_CONVERSION = YES;
				CLANG_WARN_COMMA = YES;
				CLANG_WARN_CONSTANT_CONVERSION = YES;
				CLANG_WARN_DEPRECATED_OBJC_IMPLEMENTATIONS = YES;
				CLANG_WARN_DIRECT_OBJC_ISA_USAGE = YES_ERROR;
				CLANG_WARN_DOCUMENTATION_COMMENTS = YES;
				CLANG_WARN_EMPTY_BODY = YES;
				CLANG_WARN_ENUM_CONVERSION = YES;
				CLANG_WARN_INFINITE_RECURSION = YES;
				CLANG_WARN_INT_CONVERSION = YES;
				CLANG_WARN_NON_LITERAL_NULL_CONVERSION = YES;
				CLANG_WARN_OBJC_IMPLICIT_RETAIN_SELF = YES;
				CLANG_WARN_OBJC_LITERAL_CONVERSION = YES;
				CLANG_WARN_OBJC_ROOT_CLASS = YES_ERROR;
				CLANG_WARN_QUOTED_INCLUDE_IN_FRAMEWORK_HEADER = YES;
				CLANG_WARN_RANGE_LOOP_ANALYSIS = YES;
				CLANG_WARN_STRICT_PROTOTYPES = YES;
				CLANG_WARN_SUSPICIOUS_MOVE = YES;
				CLANG_WARN_UNGUARDED_AVAILABILITY = YES_AGGRESSIVE;
				CLANG_WARN_UNREACHABLE_CODE = YES;
				CLANG_WARN__DUPLICATE_METHOD_MATCH = YES;
				COPY_PHASE_STRIP = NO;
				DEBUG_INFORMATION_FORMAT = dwarf;
				ENABLE_STRICT_OBJC_MSGSEND = YES;
				ENABLE_TESTABILITY = YES;
				GCC_C_LANGUAGE_STANDARD = gnu11;
				GCC_DYNAMIC_NO_PIC = NO;
				GCC_NO_COMMON_BLOCKS = YES;
				GCC_OPTIMIZATION_LEVEL = 0;
				GCC_PREPROCESSOR_DEFINITIONS = (
					"DEBUG=1",
					"$(inherited)",
				);
				GCC_WARN_64_TO_32_BIT_CONVERSION = YES;
				GCC_WARN_ABOUT_RETURN_TYPE = YES_ERROR;
				GCC_WARN_UNDECLARED_SELECTOR = YES;
				GCC_WARN_UNINITIALIZED_AUTOS = YES_AGGRESSIVE;
				GCC_WARN_UNUSED_FUNCTION = YES;
				GCC_WARN_UNUSED_VARIABLE = YES;
				IPHONEOS_DEPLOYMENT_TARGET = 15.0;
				MTL_ENABLE_DEBUG_INFO = INCLUDE_SOURCE;
				MTL_FAST_MATH = YES;
				ONLY_ACTIVE_ARCH = YES;
				SDKROOT = iphoneos;
				SWIFT_ACTIVE_COMPILATION_CONDITIONS = DEBUG;
				SWIFT_OPTIMIZATION_LEVEL = "-Onone";
			};
			name = Debug;
		};
		CEBA439D27370F7F00F80004 /* Release */ = {
			isa = XCBuildConfiguration;
			buildSettings = {
				ALWAYS_SEARCH_USER_PATHS = NO;
				CLANG_ANALYZER_NONNULL = YES;
				CLANG_ANALYZER_NUMBER_OBJECT_CONVERSION = YES_AGGRESSIVE;
				CLANG_CXX_LANGUAGE_STANDARD = "gnu++17";
				CLANG_CXX_LIBRARY = "libc++";
				CLANG_ENABLE_MODULES = YES;
				CLANG_ENABLE_OBJC_ARC = YES;
				CLANG_ENABLE_OBJC_WEAK = YES;
				CLANG_WARN_BLOCK_CAPTURE_AUTORELEASING = YES;
				CLANG_WARN_BOOL_CONVERSION = YES;
				CLANG_WARN_COMMA = YES;
				CLANG_WARN_CONSTANT_CONVERSION = YES;
				CLANG_WARN_DEPRECATED_OBJC_IMPLEMENTATIONS = YES;
				CLANG_WARN_DIRECT_OBJC_ISA_USAGE = YES_ERROR;
				CLANG_WARN_DOCUMENTATION_COMMENTS = YES;
				CLANG_WARN_EMPTY_BODY = YES;
				CLANG_WARN_ENUM_CONVERSION = YES;
				CLANG_WARN_INFINITE_RECURSION = YES;
				CLANG_WARN_INT_CONVERSION = YES;
				CLANG_WARN_NON_LITERAL_NULL_CONVERSION = YES;
				CLANG_WARN_OBJC_IMPLICIT_RETAIN_SELF = YES;
				CLANG_WARN_OBJC_LITERAL_CONVERSION = YES;
				CLANG_WARN_OBJC_ROOT_CLASS = YES_ERROR;
				CLANG_WARN_QUOTED_INCLUDE_IN_FRAMEWORK_HEADER = YES;
				CLANG_WARN_RANGE_LOOP_ANALYSIS = YES;
				CLANG_WARN_STRICT_PROTOTYPES = YES;
				CLANG_WARN_SUSPICIOUS_MOVE = YES;
				CLANG_WARN_UNGUARDED_AVAILABILITY = YES_AGGRESSIVE;
				CLANG_WARN_UNREACHABLE_CODE = YES;
				CLANG_WARN__DUPLICATE_METHOD_MATCH = YES;
				COPY_PHASE_STRIP = NO;
				DEBUG_INFORMATION_FORMAT = "dwarf-with-dsym";
				ENABLE_NS_ASSERTIONS = NO;
				ENABLE_STRICT_OBJC_MSGSEND = YES;
				GCC_C_LANGUAGE_STANDARD = gnu11;
				GCC_NO_COMMON_BLOCKS = YES;
				GCC_WARN_64_TO_32_BIT_CONVERSION = YES;
				GCC_WARN_ABOUT_RETURN_TYPE = YES_ERROR;
				GCC_WARN_UNDECLARED_SELECTOR = YES;
				GCC_WARN_UNINITIALIZED_AUTOS = YES_AGGRESSIVE;
				GCC_WARN_UNUSED_FUNCTION = YES;
				GCC_WARN_UNUSED_VARIABLE = YES;
				IPHONEOS_DEPLOYMENT_TARGET = 15.0;
				MTL_ENABLE_DEBUG_INFO = NO;
				MTL_FAST_MATH = YES;
				SDKROOT = iphoneos;
				SWIFT_COMPILATION_MODE = wholemodule;
				SWIFT_OPTIMIZATION_LEVEL = "-O";
				VALIDATE_PRODUCT = YES;
			};
			name = Release;
		};
		CEBA439F27370F7F00F80004 /* Debug */ = {
			isa = XCBuildConfiguration;
			baseConfigurationReference = 32ABF192E900FA5364293C45 /* Pods-weather16_app.debug.xcconfig */;
			buildSettings = {
				ASSETCATALOG_COMPILER_APPICON_NAME = AppIcon;
				ASSETCATALOG_COMPILER_GLOBAL_ACCENT_COLOR_NAME = AccentColor;
				CODE_SIGN_STYLE = Automatic;
				CURRENT_PROJECT_VERSION = 1;
				GENERATE_INFOPLIST_FILE = YES;
				INFOPLIST_FILE = weather16_app/Info.plist;
				INFOPLIST_KEY_UIApplicationSupportsIndirectInputEvents = YES;
				INFOPLIST_KEY_UILaunchStoryboardName = LaunchScreen;
				INFOPLIST_KEY_UIMainStoryboardFile = Main;
				INFOPLIST_KEY_UISupportedInterfaceOrientations_iPad = "UIInterfaceOrientationPortrait UIInterfaceOrientationPortraitUpsideDown UIInterfaceOrientationLandscapeLeft UIInterfaceOrientationLandscapeRight";
				INFOPLIST_KEY_UISupportedInterfaceOrientations_iPhone = "UIInterfaceOrientationPortrait UIInterfaceOrientationLandscapeLeft UIInterfaceOrientationLandscapeRight";
				LD_RUNPATH_SEARCH_PATHS = (
					"$(inherited)",
					"@executable_path/Frameworks",
				);
				MARKETING_VERSION = 1.0;
				PRODUCT_BUNDLE_IDENTIFIER = "OP.weather16-app";
				PRODUCT_NAME = "$(TARGET_NAME)";
				SWIFT_EMIT_LOC_STRINGS = YES;
				SWIFT_VERSION = 5.0;
				TARGETED_DEVICE_FAMILY = "1,2";
			};
			name = Debug;
		};
		CEBA43A027370F7F00F80004 /* Release */ = {
			isa = XCBuildConfiguration;
			baseConfigurationReference = 02D19737B1B0AE895B0F48B6 /* Pods-weather16_app.release.xcconfig */;
			buildSettings = {
				ASSETCATALOG_COMPILER_APPICON_NAME = AppIcon;
				ASSETCATALOG_COMPILER_GLOBAL_ACCENT_COLOR_NAME = AccentColor;
				CODE_SIGN_STYLE = Automatic;
				CURRENT_PROJECT_VERSION = 1;
				GENERATE_INFOPLIST_FILE = YES;
				INFOPLIST_FILE = weather16_app/Info.plist;
				INFOPLIST_KEY_UIApplicationSupportsIndirectInputEvents = YES;
				INFOPLIST_KEY_UILaunchStoryboardName = LaunchScreen;
				INFOPLIST_KEY_UIMainStoryboardFile = Main;
				INFOPLIST_KEY_UISupportedInterfaceOrientations_iPad = "UIInterfaceOrientationPortrait UIInterfaceOrientationPortraitUpsideDown UIInterfaceOrientationLandscapeLeft UIInterfaceOrientationLandscapeRight";
				INFOPLIST_KEY_UISupportedInterfaceOrientations_iPhone = "UIInterfaceOrientationPortrait UIInterfaceOrientationLandscapeLeft UIInterfaceOrientationLandscapeRight";
				LD_RUNPATH_SEARCH_PATHS = (
					"$(inherited)",
					"@executable_path/Frameworks",
				);
				MARKETING_VERSION = 1.0;
				PRODUCT_BUNDLE_IDENTIFIER = "OP.weather16-app";
				PRODUCT_NAME = "$(TARGET_NAME)";
				SWIFT_EMIT_LOC_STRINGS = YES;
				SWIFT_VERSION = 5.0;
				TARGETED_DEVICE_FAMILY = "1,2";
			};
			name = Release;
		};
/* End XCBuildConfiguration section */

/* Begin XCConfigurationList section */
		CEBA438227370F7B00F80004 /* Build configuration list for PBXProject "weather16_app" */ = {
			isa = XCConfigurationList;
			buildConfigurations = (
				CEBA439C27370F7F00F80004 /* Debug */,
				CEBA439D27370F7F00F80004 /* Release */,
			);
			defaultConfigurationIsVisible = 0;
			defaultConfigurationName = Release;
		};
		CEBA439E27370F7F00F80004 /* Build configuration list for PBXNativeTarget "weather16_app" */ = {
			isa = XCConfigurationList;
			buildConfigurations = (
				CEBA439F27370F7F00F80004 /* Debug */,
				CEBA43A027370F7F00F80004 /* Release */,
			);
			defaultConfigurationIsVisible = 0;
			defaultConfigurationName = Release;
		};
/* End XCConfigurationList section */

/* Begin XCVersionGroup section */
		CEBA439327370F7B00F80004 /* weather16_app.xcdatamodeld */ = {
			isa = XCVersionGroup;
			children = (
				CEBA439427370F7B00F80004 /* weather16_app.xcdatamodel */,
			);
			currentVersion = CEBA439427370F7B00F80004 /* weather16_app.xcdatamodel */;
			path = weather16_app.xcdatamodeld;
			sourceTree = "<group>";
			versionGroupType = wrapper.xcdatamodel;
		};
/* End XCVersionGroup section */
	};
	rootObject = CEBA437F27370F7B00F80004 /* Project object */;
}
